{
  "requires": true,
  "lockfileVersion": 1,
  "dependencies": {
    "@babel/helper-validator-identifier": {
      "version": "7.10.4",
      "resolved": "https://registry.npmjs.org/@babel/helper-validator-identifier/-/helper-validator-identifier-7.10.4.tgz",
      "integrity": "sha512-3U9y+43hz7ZM+rzG24Qe2mufW5KhvFg/NhnNph+i9mgCtdTCtMJuI1TMkrIUiK7Ix4PYlRF9I5dhqaLYA/ADXw==",
      "dev": true
    },
    "@babel/parser": {
      "version": "7.12.1",
      "resolved": "https://registry.npmjs.org/@babel/parser/-/parser-7.12.1.tgz",
      "integrity": "sha512-xjZsx0sBjb6J2+QkoHI69UeD2EWbsyUW0WyZKOoJ9sBrQLxfOApWEefR9dIVOYJVj97VRXnLKLDvnn3dPDNgww==",
      "dev": true
    },
    "@babel/types": {
      "version": "7.12.1",
      "resolved": "https://registry.npmjs.org/@babel/types/-/types-7.12.1.tgz",
      "integrity": "sha512-BzSY3NJBKM4kyatSOWh3D/JJ2O3CVzBybHWxtgxnggaxEuaSTTDqeiSb/xk9lrkw2Tbqyivw5ZU4rT+EfznQsA==",
      "dev": true,
      "requires": {
        "@babel/helper-validator-identifier": "^7.10.4",
        "lodash": "^4.17.19",
        "to-fast-properties": "^2.0.0"
      }
    },
    "@vue/compiler-core": {
      "version": "3.0.1",
      "resolved": "https://registry.npmjs.org/@vue/compiler-core/-/compiler-core-3.0.1.tgz",
      "integrity": "sha512-BbQQj9YVNaNWEPnP4PiFKgW8QSGB3dcPSKCtekx1586m4VA1z8hHNLQnzeygtV8BM4oU6yriiWmOIYghbJHwFw==",
      "dev": true,
      "requires": {
        "@babel/parser": "^7.12.0",
        "@babel/types": "^7.12.0",
        "@vue/shared": "3.0.1",
        "estree-walker": "^2.0.1",
        "source-map": "^0.6.1"
      }
    },
    "@vue/compiler-dom": {
      "version": "3.0.1",
      "resolved": "https://registry.npmjs.org/@vue/compiler-dom/-/compiler-dom-3.0.1.tgz",
      "integrity": "sha512-8cjgswVU2YmV35H9ARZmSlDr1P9VZxUihRwefkrk6Vrsb7kui5C3d/WQ2/su34FSDpyMU1aacUOiL2CV/vdX6w==",
      "dev": true,
      "requires": {
        "@vue/compiler-core": "3.0.1",
        "@vue/shared": "3.0.1"
      }
    },
    "@vue/reactivity": {
      "version": "3.0.1",
      "resolved": "https://registry.npmjs.org/@vue/reactivity/-/reactivity-3.0.1.tgz",
      "integrity": "sha512-XWeqNTbvcAq8BmtR5M+XU6mfIhzi1NTcrQho7nI03I+Zf6QW1hHl/ri+iNfCNCasukQI/tzpkqJYPfyZxCRKyg==",
      "dev": true,
      "requires": {
        "@vue/shared": "3.0.1"
      }
    },
    "@vue/runtime-core": {
      "version": "3.0.1",
      "resolved": "https://registry.npmjs.org/@vue/runtime-core/-/runtime-core-3.0.1.tgz",
      "integrity": "sha512-HporlL3cbD0/79U0a7mDIMEn5XoxstVXrOx0TDTi2O2CUv6yjteUQdxhmMOa8m7pnqU4DL/ZuVntBWFaf4ccaw==",
      "dev": true,
      "requires": {
        "@vue/reactivity": "3.0.1",
        "@vue/shared": "3.0.1"
      }
    },
    "@vue/runtime-dom": {
      "version": "3.0.1",
      "resolved": "https://registry.npmjs.org/@vue/runtime-dom/-/runtime-dom-3.0.1.tgz",
      "integrity": "sha512-ijb2qTRU8OzllzYQ6BSymuu9KHFDyjzn4m6jcLGlNeazdk1/YA01lFtGkl6oAErdiWPglloUJzIz0ilv0laPwA==",
      "dev": true,
      "requires": {
        "@vue/runtime-core": "3.0.1",
        "@vue/shared": "3.0.1",
        "csstype": "^2.6.8"
      }
    },
    "@vue/shared": {
      "version": "3.0.1",
      "resolved": "https://registry.npmjs.org/@vue/shared/-/shared-3.0.1.tgz",
      "integrity": "sha512-/X6AUbTFCyD2BcJnBoacUct8qcv1A5uk1+N+3tbzDVuhGPRmoYrTSnNUuF53C/GIsTkChrEiXaJh2kyo/0tRvw==",
      "dev": true
    },
    "@vue/test-utils": {
      "version": "2.0.0-beta.6",
      "resolved": "https://registry.npmjs.org/@vue/test-utils/-/test-utils-2.0.0-beta.6.tgz",
      "integrity": "sha512-nBj5HHoTD+2xg0OQ93p/Hil5SkFUcNJ5BA2RUnHlOH6a4PVskgMK8dOLyVcZ1ZJif7knjt7yQVJ6K6YwIzeR1A==",
      "dev": true
    },
    "csstype": {
      "version": "2.6.13",
      "resolved": "https://registry.npmjs.org/csstype/-/csstype-2.6.13.tgz",
      "integrity": "sha512-ul26pfSQTZW8dcOnD2iiJssfXw0gdNVX9IJDH/X3K5DGPfj+fUYe3kB+swUY6BF3oZDxaID3AJt+9/ojSAE05A==",
      "dev": true
    },
    "estree-walker": {
      "version": "2.0.1",
      "resolved": "https://registry.npmjs.org/estree-walker/-/estree-walker-2.0.1.tgz",
      "integrity": "sha512-tF0hv+Yi2Ot1cwj9eYHtxC0jB9bmjacjQs6ZBTj82H8JwUywFuc+7E83NWfNMwHXZc11mjfFcVXPe9gEP4B8dg==",
      "dev": true
    },
    "lodash": {
      "version": "4.17.20",
      "resolved": "https://registry.npmjs.org/lodash/-/lodash-4.17.20.tgz",
      "integrity": "sha512-PlhdFcillOINfeV7Ni6oF1TAEayyZBoZ8bcshTHqOYJYlrqzRK5hagpagky5o4HfCzzd1TRkXPMFq6cKk9rGmA==",
      "dev": true
    },
    "source-map": {
      "version": "0.6.1",
      "resolved": "https://registry.npmjs.org/source-map/-/source-map-0.6.1.tgz",
      "integrity": "sha512-UjgapumWlbMhkBgzT7Ykc5YXUT46F0iKu8SGXq0bcwP5dz/h0Plj6enJqjz1Zbq2l5WaqYnrVbwWOWMyF3F47g==",
      "dev": true
    },
    "to-fast-properties": {
      "version": "2.0.0",
      "resolved": "https://registry.npmjs.org/to-fast-properties/-/to-fast-properties-2.0.0.tgz",
      "integrity": "sha1-3F5pjL0HkmW8c+A3doGk5Og/YW4=",
      "dev": true
    },
    "vue": {
      "version": "3.0.1",
      "resolved": "https://registry.npmjs.org/vue/-/vue-3.0.1.tgz",
      "integrity": "sha512-WBTgaQMJIWQuhlzMV6C0qvVrxyQSpx3gKwflYC0sqGKEZSxMIOYRnrIlHUN4ivUVvP7mUMxcnFTt7P+akdOkQA==",
      "dev": true,
      "requires": {
        "@vue/compiler-dom": "3.0.1",
        "@vue/runtime-dom": "3.0.1",
        "@vue/shared": "3.0.1"
      }
    }
  }
}
